
Microsoft Visual Studio Solution File, Format Version 12.00
# Visual Studio 15
VisualStudioVersion = 15.0.28010.2003
MinimumVisualStudioVersion = 10.0.40219.1
Project("{8BC9CEB8-8B4A-11D0-8D11-00A0C91BC942}") = "server1", "server1\server1.vcxproj", "{DAF4CB10-3925-45F7-BEB2-02D6BCAC1703}"
EndProject
Global
	GlobalSection(SolutionConfigurationPlatforms) = preSolution
		Debug|x64 = Debug|x64
		Debug|x86 = Debug|x86
		Release|x64 = Release|x64
		Release|x86 = Release|x86
	EndGlobalSection
	GlobalSection(ProjectConfigurationPlatforms) = postSolution
		{DAF4CB10-3925-45F7-BEB2-02D6BCAC1703}.Debug|x64.ActiveCfg = Debug|x64
		{DAF4CB10-3925-45F7-BEB2-02D6BCAC1703}.Debug|x64.Build.0 = Debug|x64
		{DAF4CB10-3925-45F7-BEB2-02D6BCAC1703}.Debug|x86.ActiveCfg = Debug|Win32
		{DAF4CB10-3925-45F7-BEB2-02D6BCAC1703}.Debug|x86.Build.0 = Debug|Win32
		{DAF4CB10-3925-45F7-BEB2-02D6BCAC1703}.Release|x64.ActiveCfg = Release|x64
		{DAF4CB10-3925-45F7-BEB2-02D6BCAC1703}.Release|x64.Build.0 = Release|x64
		{DAF4CB10-3925-45F7-BEB2-02D6BCAC1703}.Release|x86.ActiveCfg = Release|Win32
		{DAF4CB10-3925-45F7-BEB2-02D6BCAC1703}.Release|x86.Build.0 = Release|Win32
	EndGlobalSection
	GlobalSection(SolutionProperties) = preSolution
		HideSolutionNode = FALSE
	EndGlobalSection
	GlobalSection(ExtensibilityGlobals) = postSolution
		SolutionGuid = {22A8D770-3D39-43C7-B1C6-2ABEB7FBD744}
	EndGlobalSection
EndGlobal
